{
  "name": "JobTracer",
  "lockfileVersion": 3,
  "requires": true,
  "packages": {
    "": {
      "dependencies": {
        "primeicons": "^8.0.2"
      }
    },
    "node_modules/primeicons": {
      "version": "8.0.2",
      "resolved": "https://registry.npmjs.org/primeicons/-/primeicons-8.0.2.tgz",
      "integrity": "sha512-o3UQey3nXMEQRAudVYZZWswz6mmnWpPnksYb7wIu4rEEVfdS3pLnxnmSJx5gKBRMer1MxnhJZG5QRDxVVJFNkA==",
      "license": "SEE LICENSE IN LICENSE.md"
    }
  }
}
